{
  "name": "kb-native-citations",
  "lockfileVersion": 3,
  "requires": true,
  "packages": {
    "": {
      "name": "kb-native-citations",
      "workspaces": [
        "../../"
      ],
      "dependencies": {
        "@strands-agents/sdk": "*"
      },
      "devDependencies": {
        "@types/node": "^20.0.0",
        "typescript": "^5.5.0"
      }
    },
    "../..": {
      "name": "@strands-agents/sdk",
      "version": "0.0.1-development",
      "license": "Apache-2.0",
      "dependencies": {
        "@aws-sdk/client-bedrock-runtime": "^3.1069.0",
        "@types/json-schema": "^7.0.15",
        "uuid": "^14.0.1",
        "yaml": "^2.8.3"
      },
      "devDependencies": {
        "@a2a-js/sdk": "^0.3.10",
        "@ai-sdk/amazon-bedrock": "^4.0.119",
        "@ai-sdk/openai": "^3.0.41",
        "@ai-sdk/provider": "^3.0.0",
        "@anthropic-ai/sdk": "^0.104.2",
        "@aws-sdk/client-bedrock": "^3.1069.0",
        "@aws-sdk/client-bedrock-agent": "^3.1075.0",
        "@aws-sdk/client-bedrock-agent-runtime": "^3.1075.0",
        "@aws-sdk/client-s3": "^3.1069.0",
        "@aws-sdk/client-secrets-manager": "^3.1069.0",
        "@aws-sdk/client-ssm": "^3.1069.0",
        "@aws-sdk/client-sts": "^3.1069.0",
        "@aws-sdk/credential-providers": "^3.1069.0",
        "@aws/bedrock-token-generator": "^1.1.0",
        "@cedar-policy/cedar-wasm": "^4.11.0",
        "@cedar-policy/mcp-schema-generator-wasm": "^0.6.0",
        "@eslint/js": "^10.0.1",
        "@google/genai": "^2.6.0",
        "@opentelemetry/api": "^1.9.0",
        "@opentelemetry/exporter-metrics-otlp-http": "^0.219.0",
        "@opentelemetry/exporter-trace-otlp-http": "^0.219.0",
        "@opentelemetry/resources": "^2.8.0",
        "@opentelemetry/sdk-metrics": "^2.6.1",
        "@opentelemetry/sdk-trace-base": "^2.6.1",
        "@opentelemetry/sdk-trace-node": "^2.6.1",
        "@smithy/types": "^4.15.0",
        "@types/express": "^5.0.6",
        "@types/node": "^25.9.1",
        "@types/uuid": "^11.0.0",
        "@typescript-eslint/eslint-plugin": "^8.61.1",
        "@typescript-eslint/parser": "^8.0.0",
        "@vitest/browser": "^4.1.9",
        "@vitest/browser-playwright": "^4.1.6",
        "@vitest/coverage-v8": "^4.1.6",
        "eslint": "^10.5.0",
        "eslint-plugin-tsdoc": "^0.5.0",
        "express": "^5.2.1",
        "openai": "^6.42.0",
        "playwright": "^1.61.0",
        "tsx": "^4.21.0",
        "typescript": "^6.0.3",
        "vitest": "^4.1.6"
      },
      "engines": {
        "node": ">=20.0.0"
      },
      "peerDependencies": {
        "@a2a-js/sdk": "^0.3.10",
        "@ai-sdk/provider": "^3.0.0",
        "@anthropic-ai/sdk": "^0.104.2",
        "@aws-sdk/client-bedrock-agent": "^3.1075.0",
        "@aws-sdk/client-bedrock-agent-runtime": "^3.1075.0",
        "@aws-sdk/client-s3": "^3.1069.0",
        "@aws/bedrock-token-generator": "^1.1.0",
        "@cedar-policy/cedar-wasm": "^4.0.0",
        "@cedar-policy/mcp-schema-generator-wasm": "^0.6.0",
        "@google/genai": "^2.6.0",
        "@modelcontextprotocol/sdk": "^1.25.2",
        "@opentelemetry/api": "^1.9.0",
        "@opentelemetry/exporter-metrics-otlp-http": "^0.219.0",
        "@opentelemetry/exporter-trace-otlp-http": "^0.219.0",
        "@opentelemetry/resources": "^2.8.0",
        "@opentelemetry/sdk-metrics": "^2.6.1",
        "@opentelemetry/sdk-trace-base": "^2.6.1",
        "@opentelemetry/sdk-trace-node": "^2.6.1",
        "@smithy/types": "^4.15.0",
        "express": "^5.1.0",
        "openai": "^6.42.0",
        "zod": "^4.1.12"
      },
      "peerDependenciesMeta": {
        "@a2a-js/sdk": {
          "optional": true
        },
        "@ai-sdk/provider": {
          "optional": true
        },
        "@anthropic-ai/sdk": {
          "optional": true
        },
        "@aws-sdk/client-bedrock-agent": {
          "optional": true
        },
        "@aws-sdk/client-bedrock-agent-runtime": {
          "optional": true
        },
        "@aws-sdk/client-s3": {
          "optional": true
        },
        "@aws/bedrock-token-generator": {
          "optional": true
        },
        "@cedar-policy/cedar-wasm": {
          "optional": true
        },
        "@cedar-policy/mcp-schema-generator-wasm": {
          "optional": true
        },
        "@google/genai": {
          "optional": true
        },
        "@opentelemetry/exporter-metrics-otlp-http": {
          "optional": true
        },
        "@opentelemetry/exporter-trace-otlp-http": {
          "optional": true
        },
        "@opentelemetry/resources": {
          "optional": true
        },
        "@opentelemetry/sdk-metrics": {
          "optional": true
        },
        "@opentelemetry/sdk-trace-base": {
          "optional": true
        },
        "@opentelemetry/sdk-trace-node": {
          "optional": true
        },
        "@smithy/types": {
          "optional": true
        },
        "express": {
          "optional": true
        },
        "openai": {
          "optional": true
        }
      }
    },
    "node_modules/@strands-agents/sdk": {
      "resolved": "../..",
      "link": true
    },
    "node_modules/@types/node": {
      "version": "20.19.43",
      "resolved": "https://registry.npmjs.org/@types/node/-/node-20.19.43.tgz",
      "integrity": "sha512-6oYBAi5ikg4Pl+kGsoYtawUMBT2zZMCvPNF7pVLnHZfd1zf38DRiWn/gT01RYCdUqkv7Fhr+C9ot4/tb+2sVvA==",
      "dev": true,
      "license": "MIT",
      "dependencies": {
        "undici-types": "~6.21.0"
      }
    },
    "node_modules/typescript": {
      "version": "5.9.3",
      "resolved": "https://registry.npmjs.org/typescript/-/typescript-5.9.3.tgz",
      "integrity": "sha512-jl1vZzPDinLr9eUt3J/t7V6FgNEw9QjvBPdysz9KfQDD41fQrC2Y4vKQdiaUpFT4bXlb1RHhLpp8wtm6M5TgSw==",
      "dev": true,
      "license": "Apache-2.0",
      "bin": {
        "tsc": "bin/tsc",
        "tsserver": "bin/tsserver"
      },
      "engines": {
        "node": ">=14.17"
      }
    },
    "node_modules/undici-types": {
      "version": "6.21.0",
      "resolved": "https://registry.npmjs.org/undici-types/-/undici-types-6.21.0.tgz",
      "integrity": "sha512-iwDZqg0QAGrg9Rav5H4n0M64c3mkR59cJ6wQp+7C4nI0gsmExaedaYLNO44eT4AtBBwjbTiGPMlt2Md0T9H9JQ==",
      "dev": true,
      "license": "MIT"
    }
  }
}
