{
  "name": "pr-metrics-tools",
  "lockfileVersion": 3,
  "requires": true,
  "packages": {
    "": {
      "name": "pr-metrics-tools",
      "dependencies": {
        "eslint-plugin-complexijs": "0.1.0"
      }
    },
    "node_modules/eslint-plugin-complexijs": {
      "version": "0.1.0",
      "resolved": "https://registry.npmjs.org/eslint-plugin-complexijs/-/eslint-plugin-complexijs-0.1.0.tgz",
      "integrity": "sha512-/hoo4TxVkgZEUQaui41O6Z/BY0vkK0o0V3CKxwnOQXmU3NRYZENKVYhhkdJQyhMYLjoD3jGUwE7zLdFk7DHrqA==",
      "license": "MIT",
      "peerDependencies": {
        "eslint": ">=9"
      }
    }
  }
}
